// !$*UTF8*$!
{
	archiveVersion = 1;
	classes = {
	};
	objectVersion = 46;
	objects = {

/* Begin PBXBuildFile section */
		59F0FDB61F5EA60E0083E5D1 /* AppDelegate.swift in Sources */ = {isa = PBXBuildFile; fileRef = 59F0FDB51F5EA60E0083E5D1 /* AppDelegate.swift */; };
		59F0FDB81F5EA60E0083E5D1 /* ViewController.swift in Sources */ = {isa = PBXBuildFile; fileRef = 59F0FDB71F5EA60E0083E5D1 /* ViewController.swift */; };
		59F0FDBB1F5EA60E0083E5D1 /* Main.storyboard in Resources */ = {isa = PBXBuildFile; fileRef = 59F0FDB91F5EA60E0083E5D1 /* Main.storyboard */; };
		59F0FDBD1F5EA60E0083E5D1 /* Assets.xcassets in Resources */ = {isa = PBXBuildFile; fileRef = 59F0FDBC1F5EA60E0083E5D1 /* Assets.xcassets */; };
		59F0FDC01F5EA60E0083E5D1 /* LaunchScreen.storyboard in Resources */ = {isa = PBXBuildFile; fileRef = 59F0FDBE1F5EA60E0083E5D1 /* LaunchScreen.storyboard */; };
		59F0FDCB1F5EA60E0083E5D1 /* _colorsTests.swift in Sources */ = {isa = PBXBuildFile; fileRef = 59F0FDCA1F5EA60E0083E5D1 /* _colorsTests.swift */; };
		59F0FDD61F5EA60E0083E5D1 /* _colorsUITests.swift in Sources */ = {isa = PBXBuildFile; fileRef = 59F0FDD51F5EA60E0083E5D1 /* _colorsUITests.swift */; };
		59F0FDF01F5EA73E0083E5D1 /* bottom.png in Resources */ = {isa = PBXBuildFile; fileRef = 59F0FDEC1F5EA73E0083E5D1 /* bottom.png */; };
		59F0FDF11F5EA73E0083E5D1 /* bottomFrame.png in Resources */ = {isa = PBXBuildFile; fileRef = 59F0FDED1F5EA73E0083E5D1 /* bottomFrame.png */; };
		59F0FDF21F5EA73E0083E5D1 /* top.png in Resources */ = {isa = PBXBuildFile; fileRef = 59F0FDEE1F5EA73E0083E5D1 /* top.png */; };
		59F0FDF31F5EA73E0083E5D1 /* topFrame.png in Resources */ = {isa = PBXBuildFile; fileRef = 59F0FDEF1F5EA73E0083E5D1 /* topFrame.png */; };
/* End PBXBuildFile section */

/* Begin PBXContainerItemProxy section */
		59F0FDC71F5EA60E0083E5D1 /* PBXContainerItemProxy */ = {
			isa = PBXContainerItemProxy;
			containerPortal = 59F0FDAA1F5EA60E0083E5D1 /* Project object */;
			proxyType = 1;
			remoteGlobalIDString = 59F0FDB11F5EA60E0083E5D1;
			remoteInfo = 4colors;
		};
		59F0FDD21F5EA60E0083E5D1 /* PBXContainerItemProxy */ = {
			isa = PBXContainerItemProxy;
			containerPortal = 59F0FDAA1F5EA60E0083E5D1 /* Project object */;
			proxyType = 1;
			remoteGlobalIDString = 59F0FDB11F5EA60E0083E5D1;
			remoteInfo = 4colors;
		};
/* End PBXContainerItemProxy section */

/* Begin PBXFileReference section */
		59F0FDB21F5EA60E0083E5D1 /* 4colors.app */ = {isa = PBXFileReference; explicitFileType = wrapper.application; includeInIndex = 0; path = 4colors.app; sourceTree = BUILT_PRODUCTS_DIR; };
		59F0FDB51F5EA60E0083E5D1 /* AppDelegate.swift */ = {isa = PBXFileReference; lastKnownFileType = sourcecode.swift; path = AppDelegate.swift; sourceTree = "<group>"; };
		59F0FDB71F5EA60E0083E5D1 /* ViewController.swift */ = {isa = PBXFileReference; lastKnownFileType = sourcecode.swift; path = ViewController.swift; sourceTree = "<group>"; };
		59F0FDBA1F5EA60E0083E5D1 /* Base */ = {isa = PBXFileReference; lastKnownFileType = file.storyboard; name = Base; path = Base.lproj/Main.storyboard; sourceTree = "<group>"; };
		59F0FDBC1F5EA60E0083E5D1 /* Assets.xcassets */ = {isa = PBXFileReference; lastKnownFileType = folder.assetcatalog; path = Assets.xcassets; sourceTree = "<group>"; };
		59F0FDBF1F5EA60E0083E5D1 /* Base */ = {isa = PBXFileReference; lastKnownFileType = file.storyboard; name = Base; path = Base.lproj/LaunchScreen.storyboard; sourceTree = "<group>"; };
		59F0FDC11F5EA60E0083E5D1 /* Info.plist */ = {isa = PBXFileReference; lastKnownFileType = text.plist.xml; path = Info.plist; sourceTree = "<group>"; };
		59F0FDC61F5EA60E0083E5D1 /* 4colorsTests.xctest */ = {isa = PBXFileReference; explicitFileType = wrapper.cfbundle; includeInIndex = 0; path = 4colorsTests.xctest; sourceTree = BUILT_PRODUCTS_DIR; };
		59F0FDCA1F5EA60E0083E5D1 /* _colorsTests.swift */ = {isa = PBXFileReference; lastKnownFileType = sourcecode.swift; path = _colorsTests.swift; sourceTree = "<group>"; };
		59F0FDCC1F5EA60E0083E5D1 /* Info.plist */ = {isa = PBXFileReference; lastKnownFileType = text.plist.xml; path = Info.plist; sourceTree = "<group>"; };
		59F0FDD11F5EA60E0083E5D1 /* 4colorsUITests.xctest */ = {isa = PBXFileReference; explicitFileType = wrapper.cfbundle; includeInIndex = 0; path = 4colorsUITests.xctest; sourceTree = BUILT_PRODUCTS_DIR; };
		59F0FDD51F5EA60E0083E5D1 /* _colorsUITests.swift */ = {isa = PBXFileReference; lastKnownFileType = sourcecode.swift; path = _colorsUITests.swift; sourceTree = "<group>"; };
		59F0FDD71F5EA60E0083E5D1 /* Info.plist */ = {isa = PBXFileReference; lastKnownFileType = text.plist.xml; path = Info.plist; sourceTree = "<group>"; };
		59F0FDEC1F5EA73E0083E5D1 /* bottom.png */ = {isa = PBXFileReference; lastKnownFileType = image.png; path = bottom.png; sourceTree = "<group>"; };
		59F0FDED1F5EA73E0083E5D1 /* bottomFrame.png */ = {isa = PBXFileReference; lastKnownFileType = image.png; path = bottomFrame.png; sourceTree = "<group>"; };
		59F0FDEE1F5EA73E0083E5D1 /* top.png */ = {isa = PBXFileReference; lastKnownFileType = image.png; path = top.png; sourceTree = "<group>"; };
		59F0FDEF1F5EA73E0083E5D1 /* topFrame.png */ = {isa = PBXFileReference; lastKnownFileType = image.png; path = topFrame.png; sourceTree = "<group>"; };
/* End PBXFileReference section */

/* Begin PBXFrameworksBuildPhase section */
		59F0FDAF1F5EA60E0083E5D1 /* Frameworks */ = {
			isa = PBXFrameworksBuildPhase;
			buildActionMask = 2147483647;
			files = (
			);
			runOnlyForDeploymentPostprocessing = 0;
		};
		59F0FDC31F5EA60E0083E5D1 /* Frameworks */ = {
			isa = PBXFrameworksBuildPhase;
			buildActionMask = 2147483647;
			files = (
			);
			runOnlyForDeploymentPostprocessing = 0;
		};
		59F0FDCE1F5EA60E0083E5D1 /* Frameworks */ = {
			isa = PBXFrameworksBuildPhase;
			buildActionMask = 2147483647;
			files = (
			);
			runOnlyForDeploymentPostprocessing = 0;
		};
/* End PBXFrameworksBuildPhase section */

/* Begin PBXGroup section */
		59F0FDA91F5EA60E0083E5D1 = {
			isa = PBXGroup;
			children = (
				59F0FDB41F5EA60E0083E5D1 /* 4colors */,
				59F0FDC91F5EA60E0083E5D1 /* 4colorsTests */,
				59F0FDD41F5EA60E0083E5D1 /* 4colorsUITests */,
				59F0FDB31F5EA60E0083E5D1 /* Products */,
			);
			sourceTree = "<group>";
		};
		59F0FDB31F5EA60E0083E5D1 /* Products */ = {
			isa = PBXGroup;
			children = (
				59F0FDB21F5EA60E0083E5D1 /* 4colors.app */,
				59F0FDC61F5EA60E0083E5D1 /* 4colorsTests.xctest */,
				59F0FDD11F5EA60E0083E5D1 /* 4colorsUITests.xctest */,
			);
			name = Products;
			sourceTree = "<group>";
		};
		59F0FDB41F5EA60E0083E5D1 /* 4colors */ = {
			isa = PBXGroup;
			children = (
				59F0FDEC1F5EA73E0083E5D1 /* bottom.png */,
				59F0FDED1F5EA73E0083E5D1 /* bottomFrame.png */,
				59F0FDEE1F5EA73E0083E5D1 /* top.png */,
				59F0FDEF1F5EA73E0083E5D1 /* topFrame.png */,
				59F0FDB51F5EA60E0083E5D1 /* AppDelegate.swift */,
				59F0FDB71F5EA60E0083E5D1 /* ViewController.swift */,
				59F0FDB91F5EA60E0083E5D1 /* Main.storyboard */,
				59F0FDBC1F5EA60E0083E5D1 /* Assets.xcassets */,
				59F0FDBE1F5EA60E0083E5D1 /* LaunchScreen.storyboard */,
				59F0FDC11F5EA60E0083E5D1 /* Info.plist */,
			);
			path = 4colors;
			sourceTree = "<group>";
		};
		59F0FDC91F5EA60E0083E5D1 /* 4colorsTests */ = {
			isa = PBXGroup;
			children = (
				59F0FDCA1F5EA60E0083E5D1 /* _colorsTests.swift */,
				59F0FDCC1F5EA60E0083E5D1 /* Info.plist */,
			);
			path = 4colorsTests;
			sourceTree = "<group>";
		};
		59F0FDD41F5EA60E0083E5D1 /* 4colorsUITests */ = {
			isa = PBXGroup;
			children = (
				59F0FDD51F5EA60E0083E5D1 /* _colorsUITests.swift */,
				59F0FDD71F5EA60E0083E5D1 /* Info.plist */,
			);
			path = 4colorsUITests;
			sourceTree = "<group>";
		};
/* End PBXGroup section */

/* Begin PBXNativeTarget section */
		59F0FDB11F5EA60E0083E5D1 /* 4colors */ = {
			isa = PBXNativeTarget;
			buildConfigurationList = 59F0FDDA1F5EA60E0083E5D1 /* Build configuration list for PBXNativeTarget "4colors" */;
			buildPhases = (
				59F0FDAE1F5EA60E0083E5D1 /* Sources */,
				59F0FDAF1F5EA60E0083E5D1 /* Frameworks */,
				59F0FDB01F5EA60E0083E5D1 /* Resources */,
			);
			buildRules = (
			);
			dependencies = (
			);
			name = 4colors;
			productName = 4colors;
			productReference = 59F0FDB21F5EA60E0083E5D1 /* 4colors.app */;
			productType = "com.apple.product-type.application";
		};
		59F0FDC51F5EA60E0083E5D1 /* 4colorsTests */ = {
			isa = PBXNativeTarget;
			buildConfigurationList = 59F0FDDD1F5EA60E0083E5D1 /* Build configuration list for PBXNativeTarget "4colorsTests" */;
			buildPhases = (
				59F0FDC21F5EA60E0083E5D1 /* Sources */,
				59F0FDC31F5EA60E0083E5D1 /* Frameworks */,
				59F0FDC41F5EA60E0083E5D1 /* Resources */,
			);
			buildRules = (
			);
			dependencies = (
				59F0FDC81F5EA60E0083E5D1 /* PBXTargetDependency */,
			);
			name = 4colorsTests;
			productName = 4colorsTests;
			productReference = 59F0FDC61F5EA60E0083E5D1 /* 4colorsTests.xctest */;
			productType = "com.apple.product-type.bundle.unit-test";
		};
		59F0FDD01F5EA60E0083E5D1 /* 4colorsUITests */ = {
			isa = PBXNativeTarget;
			buildConfigurationList = 59F0FDE01F5EA60E0083E5D1 /* Build configuration list for PBXNativeTarget "4colorsUITests" */;
			buildPhases = (
				59F0FDCD1F5EA60E0083E5D1 /* Sources */,
				59F0FDCE1F5EA60E0083E5D1 /* Frameworks */,
				59F0FDCF1F5EA60E0083E5D1 /* Resources */,
			);
			buildRules = (
			);
			dependencies = (
				59F0FDD31F5EA60E0083E5D1 /* PBXTargetDependency */,
			);
			name = 4colorsUITests;
			productName = 4colorsUITests;
			productReference = 59F0FDD11F5EA60E0083E5D1 /* 4colorsUITests.xctest */;
			productType = "com.apple.product-type.bundle.ui-testing";
		};
/* End PBXNativeTarget section */

/* Begin PBXProject section */
		59F0FDAA1F5EA60E0083E5D1 /* Project object */ = {
			isa = PBXProject;
			attributes = {
				LastSwiftUpdateCheck = 0830;
				LastUpgradeCheck = 0830;
				ORGANIZATIONNAME = "笠原未来";
				TargetAttributes = {
					59F0FDB11F5EA60E0083E5D1 = {
						CreatedOnToolsVersion = 8.3.3;
						ProvisioningStyle = Automatic;
					};
					59F0FDC51F5EA60E0083E5D1 = {
						CreatedOnToolsVersion = 8.3.3;
						ProvisioningStyle = Automatic;
						TestTargetID = 59F0FDB11F5EA60E0083E5D1;
					};
					59F0FDD01F5EA60E0083E5D1 = {
						CreatedOnToolsVersion = 8.3.3;
						ProvisioningStyle = Automatic;
						TestTargetID = 59F0FDB11F5EA60E0083E5D1;
					};
				};
			};
			buildConfigurationList = 59F0FDAD1F5EA60E0083E5D1 /* Build configuration list for PBXProject "4colors" */;
			compatibilityVersion = "Xcode 3.2";
			developmentRegion = English;
			hasScannedForEncodings = 0;
			knownRegions = (
				en,
				Base,
			);
			mainGroup = 59F0FDA91F5EA60E0083E5D1;
			productRefGroup = 59F0FDB31F5EA60E0083E5D1 /* Products */;
			projectDirPath = "";
			projectRoot = "";
			targets = (
				59F0FDB11F5EA60E0083E5D1 /* 4colors */,
				59F0FDC51F5EA60E0083E5D1 /* 4colorsTests */,
				59F0FDD01F5EA60E0083E5D1 /* 4colorsUITests */,
			);
		};
/* End PBXProject section */

/* Begin PBXResourcesBuildPhase section */
		59F0FDB01F5EA60E0083E5D1 /* Resources */ = {
			isa = PBXResourcesBuildPhase;
			buildActionMask = 2147483647;
			files = (
				59F0FDF11F5EA73E0083E5D1 /* bottomFrame.png in Resources */,
				59F0FDC01F5EA60E0083E5D1 /* LaunchScreen.storyboard in Resources */,
				59F0FDF31F5EA73E0083E5D1 /* topFrame.png in Resources */,
				59F0FDBD1F5EA60E0083E5D1 /* Assets.xcassets in Resources */,
				59F0FDF21F5EA73E0083E5D1 /* top.png in Resources */,
				59F0FDF01F5EA73E0083E5D1 /* bottom.png in Resources */,
				59F0FDBB1F5EA60E0083E5D1 /* Main.storyboard in Resources */,
			);
			runOnlyForDeploymentPostprocessing = 0;
		};
		59F0FDC41F5EA60E0083E5D1 /* Resources */ = {
			isa = PBXResourcesBuildPhase;
			buildActionMask = 2147483647;
			files = (
			);
			runOnlyForDeploymentPostprocessing = 0;
		};
		59F0FDCF1F5EA60E0083E5D1 /* Resources */ = {
			isa = PBXResourcesBuildPhase;
			buildActionMask = 2147483647;
			files = (
			);
			runOnlyForDeploymentPostprocessing = 0;
		};
/* End PBXResourcesBuildPhase section */

/* Begin PBXSourcesBuildPhase section */
		59F0FDAE1F5EA60E0083E5D1 /* Sources */ = {
			isa = PBXSourcesBuildPhase;
			buildActionMask = 2147483647;
			files = (
				59F0FDB81F5EA60E0083E5D1 /* ViewController.swift in Sources */,
				59F0FDB61F5EA60E0083E5D1 /* AppDelegate.swift in Sources */,
			);
			runOnlyForDeploymentPostprocessing = 0;
		};
		59F0FDC21F5EA60E0083E5D1 /* Sources */ = {
			isa = PBXSourcesBuildPhase;
			buildActionMask = 2147483647;
			files = (
				59F0FDCB1F5EA60E0083E5D1 /* _colorsTests.swift in Sources */,
			);
			runOnlyForDeploymentPostprocessing = 0;
		};
		59F0FDCD1F5EA60E0083E5D1 /* Sources */ = {
			isa = PBXSourcesBuildPhase;
			buildActionMask = 2147483647;
			files = (
				59F0FDD61F5EA60E0083E5D1 /* _colorsUITests.swift in Sources */,
			);
			runOnlyForDeploymentPostprocessing = 0;
		};
/* End PBXSourcesBuildPhase section */

/* Begin PBXTargetDependency section */
		59F0FDC81F5EA60E0083E5D1 /* PBXTargetDependency */ = {
			isa = PBXTargetDependency;
			target = 59F0FDB11F5EA60E0083E5D1 /* 4colors */;
			targetProxy = 59F0FDC71F5EA60E0083E5D1 /* PBXContainerItemProxy */;
		};
		59F0FDD31F5EA60E0083E5D1 /* PBXTargetDependency */ = {
			isa = PBXTargetDependency;
			target = 59F0FDB11F5EA60E0083E5D1 /* 4colors */;
			targetProxy = 59F0FDD21F5EA60E0083E5D1 /* PBXContainerItemProxy */;
		};
/* End PBXTargetDependency section */

/* Begin PBXVariantGroup section */
		59F0FDB91F5EA60E0083E5D1 /* Main.storyboard */ = {
			isa = PBXVariantGroup;
			children = (
				59F0FDBA1F5EA60E0083E5D1 /* Base */,
			);
			name = Main.storyboard;
			sourceTree = "<group>";
		};
		59F0FDBE1F5EA60E0083E5D1 /* LaunchScreen.storyboard */ = {
			isa = PBXVariantGroup;
			children = (
				59F0FDBF1F5EA60E0083E5D1 /* Base */,
			);
			name = LaunchScreen.storyboard;
			sourceTree = "<group>";
		};
/* End PBXVariantGroup section */

/* Begin XCBuildConfiguration section */
		59F0FDD81F5EA60E0083E5D1 /* Debug */ = {
			isa = XCBuildConfiguration;
			buildSettings = {
				ALWAYS_SEARCH_USER_PATHS = NO;
				CLANG_ANALYZER_NONNULL = YES;
				CLANG_ANALYZER_NUMBER_OBJECT_CONVERSION = YES_AGGRESSIVE;
				CLANG_CXX_LANGUAGE_STANDARD = "gnu++0x";
				CLANG_CXX_LIBRARY = "libc++";
				CLANG_ENABLE_MODULES = YES;
				CLANG_ENABLE_OBJC_ARC = YES;
				CLANG_WARN_BOOL_CONVERSION = YES;
				CLANG_WARN_CONSTANT_CONVERSION = YES;
				CLANG_WARN_DIRECT_OBJC_ISA_USAGE = YES_ERROR;
				CLANG_WARN_DOCUMENTATION_COMMENTS = YES;
				CLANG_WARN_EMPTY_BODY = YES;
				CLANG_WARN_ENUM_CONVERSION = YES;
				CLANG_WARN_INFINITE_RECURSION = YES;
				CLANG_WARN_INT_CONVERSION = YES;
				CLANG_WARN_OBJC_ROOT_CLASS = YES_ERROR;
				CLANG_WARN_SUSPICIOUS_MOVE = YES;
				CLANG_WARN_UNREACHABLE_CODE = YES;
				CLANG_WARN__DUPLICATE_METHOD_MATCH = YES;
				"CODE_SIGN_IDENTITY[sdk=iphoneos*]" = "iPhone Developer";
				COPY_PHASE_STRIP = NO;
				DEBUG_INFORMATION_FORMAT = dwarf;
				ENABLE_STRICT_OBJC_MSGSEND = YES;
				ENABLE_TESTABILITY = YES;
				GCC_C_LANGUAGE_STANDARD = gnu99;
				GCC_DYNAMIC_NO_PIC = NO;
				GCC_NO_COMMON_BLOCKS = YES;
				GCC_OPTIMIZATION_LEVEL = 0;
				GCC_PREPROCESSOR_DEFINITIONS = (
					"DEBUG=1",
					"$(inherited)",
				);
				GCC_WARN_64_TO_32_BIT_CONVERSION = YES;
				GCC_WARN_ABOUT_RETURN_TYPE = YES_ERROR;
				GCC_WARN_UNDECLARED_SELECTOR = YES;
				GCC_WARN_UNINITIALIZED_AUTOS = YES_AGGRESSIVE;
				GCC_WARN_UNUSED_FUNCTION = YES;
				GCC_WARN_UNUSED_VARIABLE = YES;
				IPHONEOS_DEPLOYMENT_TARGET = 10.3;
				MTL_ENABLE_DEBUG_INFO = YES;
				ONLY_ACTIVE_ARCH = YES;
				SDKROOT = iphoneos;
				SWIFT_ACTIVE_COMPILATION_CONDITIONS = DEBUG;
				SWIFT_OPTIMIZATION_LEVEL = "-Onone";
				TARGETED_DEVICE_FAMILY = "1,2";
			};
			name = Debug;
		};
		59F0FDD91F5EA60E0083E5D1 /* Release */ = {
			isa = XCBuildConfiguration;
			buildSettings = {
				ALWAYS_SEARCH_USER_PATHS = NO;
				CLANG_ANALYZER_NONNULL = YES;
				CLANG_ANALYZER_NUMBER_OBJECT_CONVERSION = YES_AGGRESSIVE;
				CLANG_CXX_LANGUAGE_STANDARD = "gnu++0x";
				CLANG_CXX_LIBRARY = "libc++";
				CLANG_ENABLE_MODULES = YES;
				CLANG_ENABLE_OBJC_ARC = YES;
				CLANG_WARN_BOOL_CONVERSION = YES;
				CLANG_WARN_CONSTANT_CONVERSION = YES;
				CLANG_WARN_DIRECT_OBJC_ISA_USAGE = YES_ERROR;
				CLANG_WARN_DOCUMENTATION_COMMENTS = YES;
				CLANG_WARN_EMPTY_BODY = YES;
				CLANG_WARN_ENUM_CONVERSION = YES;
				CLANG_WARN_INFINITE_RECURSION = YES;
				CLANG_WARN_INT_CONVERSION = YES;
				CLANG_WARN_OBJC_ROOT_CLASS = YES_ERROR;
				CLANG_WARN_SUSPICIOUS_MOVE = YES;
				CLANG_WARN_UNREACHABLE_CODE = YES;
				CLANG_WARN__DUPLICATE_METHOD_MATCH = YES;
				"CODE_SIGN_IDENTITY[sdk=iphoneos*]" = "iPhone Developer";
				COPY_PHASE_STRIP = NO;
				DEBUG_INFORMATION_FORMAT = "dwarf-with-dsym";
				ENABLE_NS_ASSERTIONS = NO;
				ENABLE_STRICT_OBJC_MSGSEND = YES;
				GCC_C_LANGUAGE_STANDARD = gnu99;
				GCC_NO_COMMON_BLOCKS = YES;
				GCC_WARN_64_TO_32_BIT_CONVERSION = YES;
				GCC_WARN_ABOUT_RETURN_TYPE = YES_ERROR;
				GCC_WARN_UNDECLARED_SELECTOR = YES;
				GCC_WARN_UNINITIALIZED_AUTOS = YES_AGGRESSIVE;
				GCC_WARN_UNUSED_FUNCTION = YES;
				GCC_WARN_UNUSED_VARIABLE = YES;
				IPHONEOS_DEPLOYMENT_TARGET = 10.3;
				MTL_ENABLE_DEBUG_INFO = NO;
				SDKROOT = iphoneos;
				SWIFT_OPTIMIZATION_LEVEL = "-Owholemodule";
				TARGETED_DEVICE_FAMILY = "1,2";
				VALIDATE_PRODUCT = YES;
			};
			name = Release;
		};
		59F0FDDB1F5EA60E0083E5D1 /* Debug */ = {
			isa = XCBuildConfiguration;
			buildSettings = {
				ASSETCATALOG_COMPILER_APPICON_NAME = AppIcon;
				INFOPLIST_FILE = 4colors/Info.plist;
				LD_RUNPATH_SEARCH_PATHS = "$(inherited) @executable_path/Frameworks";
				PRODUCT_BUNDLE_IDENTIFIER = "com.litech.-colors";
				PRODUCT_NAME = "$(TARGET_NAME)";
				SWIFT_VERSION = 3.0;
			};
			name = Debug;
		};
		59F0FDDC1F5EA60E0083E5D1 /* Release */ = {
			isa = XCBuildConfiguration;
			buildSettings = {
				ASSETCATALOG_COMPILER_APPICON_NAME = AppIcon;
				INFOPLIST_FILE = 4colors/Info.plist;
				LD_RUNPATH_SEARCH_PATHS = "$(inherited) @executable_path/Frameworks";
				PRODUCT_BUNDLE_IDENTIFIER = "com.litech.-colors";
				PRODUCT_NAME = "$(TARGET_NAME)";
				SWIFT_VERSION = 3.0;
			};
			name = Release;
		};
		59F0FDDE1F5EA60E0083E5D1 /* Debug */ = {
			isa = XCBuildConfiguration;
			buildSettings = {
				ALWAYS_EMBED_SWIFT_STANDARD_LIBRARIES = YES;
				BUNDLE_LOADER = "$(TEST_HOST)";
				INFOPLIST_FILE = 4colorsTests/Info.plist;
				LD_RUNPATH_SEARCH_PATHS = "$(inherited) @executable_path/Frameworks @loader_path/Frameworks";
				PRODUCT_BUNDLE_IDENTIFIER = "com.litech.-colorsTests";
				PRODUCT_NAME = "$(TARGET_NAME)";
				SWIFT_VERSION = 3.0;
				TEST_HOST = "$(BUILT_PRODUCTS_DIR)/4colors.app/4colors";
			};
			name = Debug;
		};
		59F0FDDF1F5EA60E0083E5D1 /* Release */ = {
			isa = XCBuildConfiguration;
			buildSettings = {
				ALWAYS_EMBED_SWIFT_STANDARD_LIBRARIES = YES;
				BUNDLE_LOADER = "$(TEST_HOST)";
				INFOPLIST_FILE = 4colorsTests/Info.plist;
				LD_RUNPATH_SEARCH_PATHS = "$(inherited) @executable_path/Frameworks @loader_path/Frameworks";
				PRODUCT_BUNDLE_IDENTIFIER = "com.litech.-colorsTests";
				PRODUCT_NAME = "$(TARGET_NAME)";
				SWIFT_VERSION = 3.0;
				TEST_HOST = "$(BUILT_PRODUCTS_DIR)/4colors.app/4colors";
			};
			name = Release;
		};
		59F0FDE11F5EA60E0083E5D1 /* Debug */ = {
			isa = XCBuildConfiguration;
			buildSettings = {
				ALWAYS_EMBED_SWIFT_STANDARD_LIBRARIES = YES;
				INFOPLIST_FILE = 4colorsUITests/Info.plist;
				LD_RUNPATH_SEARCH_PATHS = "$(inherited) @executable_path/Frameworks @loader_path/Frameworks";
				PRODUCT_BUNDLE_IDENTIFIER = "com.litech.-colorsUITests";
				PRODUCT_NAME = "$(TARGET_NAME)";
				SWIFT_VERSION = 3.0;
				TEST_TARGET_NAME = 4colors;
			};
			name = Debug;
		};
		59F0FDE21F5EA60E0083E5D1 /* Release */ = {
			isa = XCBuildConfiguration;
			buildSettings = {
				ALWAYS_EMBED_SWIFT_STANDARD_LIBRARIES = YES;
				INFOPLIST_FILE = 4colorsUITests/Info.plist;
				LD_RUNPATH_SEARCH_PATHS = "$(inherited) @executable_path/Frameworks @loader_path/Frameworks";
				PRODUCT_BUNDLE_IDENTIFIER = "com.litech.-colorsUITests";
				PRODUCT_NAME = "$(TARGET_NAME)";
				SWIFT_VERSION = 3.0;
				TEST_TARGET_NAME = 4colors;
			};
			name = Release;
		};
/* End XCBuildConfiguration section */

/* Begin XCConfigurationList section */
		59F0FDAD1F5EA60E0083E5D1 /* Build configuration list for PBXProject "4colors" */ = {
			isa = XCConfigurationList;
			buildConfigurations = (
				59F0FDD81F5EA60E0083E5D1 /* Debug */,
				59F0FDD91F5EA60E0083E5D1 /* Release */,
			);
			defaultConfigurationIsVisible = 0;
			defaultConfigurationName = Release;
		};
		59F0FDDA1F5EA60E0083E5D1 /* Build configuration list for PBXNativeTarget "4colors" */ = {
			isa = XCConfigurationList;
			buildConfigurations = (
				59F0FDDB1F5EA60E0083E5D1 /* Debug */,
				59F0FDDC1F5EA60E0083E5D1 /* Release */,
			);
			defaultConfigurationIsVisible = 0;
		};
		59F0FDDD1F5EA60E0083E5D1 /* Build configuration list for PBXNativeTarget "4colorsTests" */ = {
			isa = XCConfigurationList;
			buildConfigurations = (
				59F0FDDE1F5EA60E0083E5D1 /* Debug */,
				59F0FDDF1F5EA60E0083E5D1 /* Release */,
			);
			defaultConfigurationIsVisible = 0;
		};
		59F0FDE01F5EA60E0083E5D1 /* Build configuration list for PBXNativeTarget "4colorsUITests" */ = {
			isa = XCConfigurationList;
			buildConfigurations = (
				59F0FDE11F5EA60E0083E5D1 /* Debug */,
				59F0FDE21F5EA60E0083E5D1 /* Release */,
			);
			defaultConfigurationIsVisible = 0;
		};
/* End XCConfigurationList section */
	};
	rootObject = 59F0FDAA1F5EA60E0083E5D1 /* Project object */;
}
